{
    "_readme": [
        "This file locks the dependencies of your project to a known state",
        "Read more about it at https://getcomposer.org/doc/01-basic-usage.md#installing-dependencies",
        "This file is @generated automatically"
    ],
    "content-hash": "5470336c625d45fd6b4dcf451d4c920e",
    "packages": [
        {
            "name": "beberlei/assert",
            "version": "v2.9.9",
            "source": {
                "type": "git",
                "url": "https://github.com/beberlei/assert.git",
                "reference": "124317de301b7c91d5fce34c98bba2c6925bec95"
            },
            "dist": {
                "type": "zip",
                "url": "https://api.github.com/repos/beberlei/assert/zipball/124317de301b7c91d5fce34c98bba2c6925bec95",
                "reference": "124317de301b7c91d5fce34c98bba2c6925bec95",
                "shasum": ""
            },
            "require": {
                "ext-mbstring": "*",
                "php": ">=5.3"
            },
            "require-dev": {
                "friendsofphp/php-cs-fixer": "^2.1.1",
                "phpunit/phpunit": "^4.8.35|^5.7"
            },
            "type": "library",
            "autoload": {
                "psr-4": {
                    "Assert\\": "lib/Assert"
                },
                "files": [
                    "lib/Assert/functions.php"
                ]
            },
            "notification-url": "https://packagist.org/downloads/",
            "license": [
                "BSD-2-Clause"
            ],
            "authors": [
                {
                    "name": "Benjamin Eberlei",
                    "email": "kontakt@beberlei.de",
                    "role": "Lead Developer"
                },
                {
                    "name": "Richard Quadling",
                    "email": "rquadling@gmail.com",
                    "role": "Collaborator"
                }
            ],
            "description": "Thin assertion library for input validation in business models.",
            "keywords": [
                "assert",
                "assertion",
                "validation"
            ],
            "time": "2019-05-28T15:27:37+00:00"
        },
        {
            "name": "bernard/bernard",
            "version": "dev-1.0.0-alpha9-round-robin-fix",
            "source": {
                "type": "git",
                "url": "https://github.com/bendavies/bernard.git",
                "reference": "e0e925312d5b72a00008e11c5153a809ae4782d2"
            },
            "dist": {
                "type": "zip",
                "url": "https://api.github.com/repos/bendavies/bernard/zipball/e0e925312d5b72a00008e11c5153a809ae4782d2",
                "reference": "e0e925312d5b72a00008e11c5153a809ae4782d2",
                "shasum": ""
            },
            "require": {
                "beberlei/assert": "~2.1",
                "bernard/normalt": "~1.0",
                "php": "^5.6 || ^7.0",
                "symfony/event-dispatcher": "^2.7|^3.0|^4.0"
            },
            "require-dev": {
                "aws/aws-sdk-php": "~2.4|~3.0",
                "doctrine/dbal": "~2.3",
                "iron-io/iron_mq": "~4.0",
                "league/container": "~2.3",
                "pda/pheanstalk": "~3.0",
                "php-amqplib/php-amqplib": "~2.5",
                "phpspec/phpspec": "^2.4",
                "phpunit/phpunit": "^5.5|^6.0",
                "pimple/pimple": "~1.0",
                "predis/predis": "~0.8",
                "psr/log": "~1.0",
                "queue-interop/amqp-interop": "^0.6",
                "queue-interop/queue-interop": "^0.6",
                "symfony/console": "^2.7|^3.0|^4.0",
                "symfony/dependency-injection": "^2.7|^3.0|^4.0"
            },
            "suggest": {
                "aws/aws-sdk-php": "Allow sending messages to AWS services like Simple Queue Service",
                "doctrine/dbal": "Allow sending messages to simulated message queue in a database via doctrine dbal",
                "iron-io/iron_mq": "Allow sending messages to IronMQ",
                "mongodb/mongodb": "Allow sending messages to a MongoDB server via PHP Driver",
                "pda/pheanstalk": "Allow sending messages to Beanstalk using pheanstalk",
                "php-amqplib/php-amqplib": "Allow sending messages to an AMQP server using php-amqplib",
                "predis/predis": "Allow sending messages to Redis using predis",
                "queue-interop/amqp-interop": "Allow sending messages using amqp interop compatible transports",
                "queue-interop/queue-interop": "Allow sending messages using queue interop compatible transports"
            },
            "type": "library",
            "extra": {
                "branch-alias": {
                    "dev-master": "1.0.x-dev"
                }
            },
            "autoload": {
                "psr-4": {
                    "Bernard\\": "src/"
                }
            },
            "autoload-dev": {
                "psr-4": {
                    "Bernard\\Tests\\": "tests/"
                }
            },
            "license": [
                "MIT"
            ],
            "description": "Message queue abstraction layer",
            "homepage": "https://github.com/bernardphp/bernard",
            "keywords": [
                "bernard",
                "message",
                "message queue",
                "queue"
            ],
            "support": {
                "source": "https://github.com/bendavies/bernard/tree/1.0.0-alpha9-round-robin-fix"
            },
            "time": "2018-08-15T13:57:38+00:00"
        },
        {
            "name": "bernard/normalt",
            "version": "v1.2.0",
            "source": {
                "type": "git",
                "url": "https://github.com/bernardphp/normalt.git",
                "reference": "9ed9b6bbc657bb1e5a52ff4da6607e32152b390e"
            },
            "dist": {
                "type": "zip",
                "url": "https://api.github.com/repos/bernardphp/normalt/zipball/9ed9b6bbc657bb1e5a52ff4da6607e32152b390e",
                "reference": "9ed9b6bbc657bb1e5a52ff4da6607e32152b390e",
                "shasum": ""
            },
            "require": {
                "php": "^5.6||^7.0",
                "symfony/serializer": "^2.3 || ^3.0 || ^4.0"
            },
            "require-dev": {
                "doctrine/common": "^2.1",
                "phpspec/phpspec": "^2.5"
            },
            "type": "library",
            "extra": {
                "branch-alias": {
                    "dev-master": "1.1-dev"
                }
            },
            "autoload": {
                "psr-4": {
                    "Normalt\\": "src/"
                }
            },
            "notification-url": "https://packagist.org/downloads/",
            "license": [
                "MIT"
            ],
            "description": "Normalt is a extension to Symfony Serializer that only implements the Normalization part",
            "keywords": [
                "denormalization",
                "normalization"
            ],
            "time": "2018-01-13T09:47:09+00:00"
        },
        {
            "name": "symfony/event-dispatcher",
            "version": "v4.3.2",
            "source": {
                "type": "git",
                "url": "https://github.com/symfony/event-dispatcher.git",
                "reference": "d257021c1ab28d48d24a16de79dfab445ce93398"
            },
            "dist": {
                "type": "zip",
                "url": "https://api.github.com/repos/symfony/event-dispatcher/zipball/d257021c1ab28d48d24a16de79dfab445ce93398",
                "reference": "d257021c1ab28d48d24a16de79dfab445ce93398",
                "shasum": ""
            },
            "require": {
                "php": "^7.1.3",
                "symfony/event-dispatcher-contracts": "^1.1"
            },
            "conflict": {
                "symfony/dependency-injection": "<3.4"
            },
            "provide": {
                "psr/event-dispatcher-implementation": "1.0",
                "symfony/event-dispatcher-implementation": "1.1"
            },
            "require-dev": {
                "psr/log": "~1.0",
                "symfony/config": "~3.4|~4.0",
                "symfony/dependency-injection": "~3.4|~4.0",
                "symfony/expression-language": "~3.4|~4.0",
                "symfony/http-foundation": "^3.4|^4.0",
                "symfony/service-contracts": "^1.1",
                "symfony/stopwatch": "~3.4|~4.0"
            },
            "suggest": {
                "symfony/dependency-injection": "",
                "symfony/http-kernel": ""
            },
            "type": "library",
            "extra": {
                "branch-alias": {
                    "dev-master": "4.3-dev"
                }
            },
            "autoload": {
                "psr-4": {
                    "Symfony\\Component\\EventDispatcher\\": ""
                },
                "exclude-from-classmap": [
                    "/Tests/"
                ]
            },
            "notification-url": "https://packagist.org/downloads/",
            "license": [
                "MIT"
            ],
            "authors": [
                {
                    "name": "Fabien Potencier",
                    "email": "fabien@symfony.com"
                },
                {
                    "name": "Symfony Community",
                    "homepage": "https://symfony.com/contributors"
                }
            ],
            "description": "Symfony EventDispatcher Component",
            "homepage": "https://symfony.com",
            "time": "2019-06-13T11:03:18+00:00"
        },
        {
            "name": "symfony/event-dispatcher-contracts",
            "version": "v1.1.5",
            "source": {
                "type": "git",
                "url": "https://github.com/symfony/event-dispatcher-contracts.git",
                "reference": "c61766f4440ca687de1084a5c00b08e167a2575c"
            },
            "dist": {
                "type": "zip",
                "url": "https://api.github.com/repos/symfony/event-dispatcher-contracts/zipball/c61766f4440ca687de1084a5c00b08e167a2575c",
                "reference": "c61766f4440ca687de1084a5c00b08e167a2575c",
                "shasum": ""
            },
            "require": {
                "php": "^7.1.3"
            },
            "suggest": {
                "psr/event-dispatcher": "",
                "symfony/event-dispatcher-implementation": ""
            },
            "type": "library",
            "extra": {
                "branch-alias": {
                    "dev-master": "1.1-dev"
                }
            },
            "autoload": {
                "psr-4": {
                    "Symfony\\Contracts\\EventDispatcher\\": ""
                }
            },
            "notification-url": "https://packagist.org/downloads/",
            "license": [
                "MIT"
            ],
            "authors": [
                {
                    "name": "Nicolas Grekas",
                    "email": "p@tchwork.com"
                },
                {
                    "name": "Symfony Community",
                    "homepage": "https://symfony.com/contributors"
                }
            ],
            "description": "Generic abstractions related to dispatching event",
            "homepage": "https://symfony.com",
            "keywords": [
                "abstractions",
                "contracts",
                "decoupling",
                "interfaces",
                "interoperability",
                "standards"
            ],
            "time": "2019-06-20T06:46:26+00:00"
        },
        {
            "name": "symfony/flex",
            "version": "v1.4.0",
            "source": {
                "type": "git",
                "url": "https://github.com/symfony/flex.git",
                "reference": "56981bc96c3bfd52e55e0255be87f674e5baca33"
            },
            "dist": {
                "type": "zip",
                "url": "https://api.github.com/repos/symfony/flex/zipball/56981bc96c3bfd52e55e0255be87f674e5baca33",
                "reference": "56981bc96c3bfd52e55e0255be87f674e5baca33",
                "shasum": ""
            },
            "require": {
                "composer-plugin-api": "^1.0",
                "php": "^7.0"
            },
            "require-dev": {
                "composer/composer": "^1.0.2",
                "symfony/dotenv": "^3.4|^4.0",
                "symfony/phpunit-bridge": "^3.4.19|^4.1.8",
                "symfony/process": "^2.7|^3.0|^4.0"
            },
            "type": "composer-plugin",
            "extra": {
                "branch-alias": {
                    "dev-master": "1.4-dev"
                },
                "class": "Symfony\\Flex\\Flex"
            },
            "autoload": {
                "psr-4": {
                    "Symfony\\Flex\\": "src"
                }
            },
            "notification-url": "https://packagist.org/downloads/",
            "license": [
                "MIT"
            ],
            "authors": [
                {
                    "name": "Fabien Potencier",
                    "email": "fabien.potencier@gmail.com"
                }
            ],
            "description": "Composer plugin for Symfony",
            "time": "2019-06-27T13:49:48+00:00"
        },
        {
            "name": "symfony/polyfill-ctype",
            "version": "v1.11.0",
            "source": {
                "type": "git",
                "url": "https://github.com/symfony/polyfill-ctype.git",
                "reference": "82ebae02209c21113908c229e9883c419720738a"
            },
            "dist": {
                "type": "zip",
                "url": "https://api.github.com/repos/symfony/polyfill-ctype/zipball/82ebae02209c21113908c229e9883c419720738a",
                "reference": "82ebae02209c21113908c229e9883c419720738a",
                "shasum": ""
            },
            "require": {
                "php": ">=5.3.3"
            },
            "suggest": {
                "ext-ctype": "For best performance"
            },
            "type": "library",
            "extra": {
                "branch-alias": {
                    "dev-master": "1.11-dev"
                }
            },
            "autoload": {
                "psr-4": {
                    "Symfony\\Polyfill\\Ctype\\": ""
                },
                "files": [
                    "bootstrap.php"
                ]
            },
            "notification-url": "https://packagist.org/downloads/",
            "license": [
                "MIT"
            ],
            "authors": [
                {
                    "name": "Symfony Community",
                    "homepage": "https://symfony.com/contributors"
                },
                {
                    "name": "Gert de Pagter",
                    "email": "BackEndTea@gmail.com"
                }
            ],
            "description": "Symfony polyfill for ctype functions",
            "homepage": "https://symfony.com",
            "keywords": [
                "compatibility",
                "ctype",
                "polyfill",
                "portable"
            ],
            "time": "2019-02-06T07:57:58+00:00"
        },
        {
            "name": "symfony/serializer",
            "version": "v4.3.2",
            "source": {
                "type": "git",
                "url": "https://github.com/symfony/serializer.git",
                "reference": "bbf3b52653dae353259c1761cbb6f8f056dff03e"
            },
            "dist": {
                "type": "zip",
                "url": "https://api.github.com/repos/symfony/serializer/zipball/bbf3b52653dae353259c1761cbb6f8f056dff03e",
                "reference": "bbf3b52653dae353259c1761cbb6f8f056dff03e",
                "shasum": ""
            },
            "require": {
                "php": "^7.1.3",
                "symfony/polyfill-ctype": "~1.8"
            },
            "conflict": {
                "phpdocumentor/type-resolver": "<0.2.1",
                "symfony/dependency-injection": "<3.4",
                "symfony/property-access": "<3.4",
                "symfony/property-info": "<3.4",
                "symfony/yaml": "<3.4"
            },
            "require-dev": {
                "doctrine/annotations": "~1.0",
                "doctrine/cache": "~1.0",
                "phpdocumentor/reflection-docblock": "^3.0|^4.0",
                "symfony/cache": "~3.4|~4.0",
                "symfony/config": "~3.4|~4.0",
                "symfony/dependency-injection": "~3.4|~4.0",
                "symfony/http-foundation": "~3.4|~4.0",
                "symfony/property-access": "~3.4|~4.0",
                "symfony/property-info": "^3.4.13|~4.0",
                "symfony/validator": "~3.4|~4.0",
                "symfony/yaml": "~3.4|~4.0"
            },
            "suggest": {
                "doctrine/annotations": "For using the annotation mapping. You will also need doctrine/cache.",
                "doctrine/cache": "For using the default cached annotation reader and metadata cache.",
                "psr/cache-implementation": "For using the metadata cache.",
                "symfony/config": "For using the XML mapping loader.",
                "symfony/http-foundation": "For using a MIME type guesser within the DataUriNormalizer.",
                "symfony/property-access": "For using the ObjectNormalizer.",
                "symfony/property-info": "To deserialize relations.",
                "symfony/yaml": "For using the default YAML mapping loader."
            },
            "type": "library",
            "extra": {
                "branch-alias": {
                    "dev-master": "4.3-dev"
                }
            },
            "autoload": {
                "psr-4": {
                    "Symfony\\Component\\Serializer\\": ""
                },
                "exclude-from-classmap": [
                    "/Tests/"
                ]
            },
            "notification-url": "https://packagist.org/downloads/",
            "license": [
                "MIT"
            ],
            "authors": [
                {
                    "name": "Fabien Potencier",
                    "email": "fabien@symfony.com"
                },
                {
                    "name": "Symfony Community",
                    "homepage": "https://symfony.com/contributors"
                }
            ],
            "description": "Symfony Serializer Component",
            "homepage": "https://symfony.com",
            "time": "2019-06-17T17:37:00+00:00"
        }
    ],
    "packages-dev": [],
    "aliases": [
        {
            "alias": "1.0.0-alpha9",
            "alias_normalized": "1.0.0.0-alpha9",
            "version": "dev-1.0.0-alpha9-round-robin-fix",
            "package": "bernard/bernard"
        }
    ],
    "minimum-stability": "stable",
    "stability-flags": {
        "bernard/bernard": 20
    },
    "prefer-stable": false,
    "prefer-lowest": false,
    "platform": [],
    "platform-dev": []
}
